{
    "_readme": [
        "This file locks the dependencies of your project to a known state",
        "Read more about it at https://getcomposer.org/doc/01-basic-usage.md#installing-dependencies",
        "This file is @generated automatically"
    ],
    "content-hash": "e6f507a0d828aa8e45ae75dc70cf03e5",
    "packages": [
        {
            "name": "aivec/aauth",
            "version": "v1.0.2",
            "source": {
                "type": "git",
                "url": "https://bitbucket.org/aivec/aauth.git",
                "reference": "5466d7c1b2313fadbd6c009e76c9d0ffaf1bf937"
            },
            "dist": {
                "type": "zip",
                "url": "https://bitbucket.org/aivec/aauth/get/5466d7c1b2313fadbd6c009e76c9d0ffaf1bf937.zip",
                "reference": "5466d7c1b2313fadbd6c009e76c9d0ffaf1bf937",
                "shasum": ""
            },
            "type": "library",
            "autoload": {
                "psr-4": {
                    "Aivec\\Welcart\\ProprietaryAuthentication\\": ""
                }
            },
            "license": [
                "GPL-2.0-only"
            ],
            "authors": [
                {
                    "name": "Evan Shaw",
                    "email": "evandanielshaw@gmail.com"
                }
            ],
            "description": "Domain/SKU client-side authentication for a 継続課金 plugin/theme purchase. Client variant to server-side plugin ninsho-validator.",
            "homepage": "https://bitbucket.org/aivec/aauth",
            "support": {
                "source": "https://bitbucket.org/aivec/aauth/src/5466d7c1b2313fadbd6c009e76c9d0ffaf1bf937/?at=v1.0.2"
            },
            "time": "2019-06-06T07:17:35+00:00"
        },
        {
            "name": "aivec/welcart-generic",
            "version": "v1.2.1",
            "source": {
                "type": "git",
                "url": "https://bitbucket.org/aivec/welcart-generic.git",
                "reference": "35c74798a65abaf153df7116c5b47308d4de9e93"
            },
            "dist": {
                "type": "zip",
                "url": "https://bitbucket.org/aivec/welcart-generic/get/35c74798a65abaf153df7116c5b47308d4de9e93.zip",
                "reference": "35c74798a65abaf153df7116c5b47308d4de9e93",
                "shasum": ""
            },
            "type": "library",
            "autoload": {
                "psr-4": {
                    "Aivec\\Welcart\\Generic\\": ""
                }
            },
            "license": [
                "GPL-2.0-only"
            ],
            "authors": [
                {
                    "name": "Evan Shaw",
                    "email": "evandanielshaw@gmail.com"
                }
            ],
            "description": "Generic interfaces/abstract-classes/utils for Welcart libraries (settlement modules, customizations, etc.)",
            "homepage": "https://bitbucket.org/aivec/welcart-generic",
            "support": {
                "source": "https://bitbucket.org/aivec/welcart-generic/src/35c74798a65abaf153df7116c5b47308d4de9e93/?at=v1.2.1"
            },
            "time": "2019-06-05T07:47:09+00:00"
        }
    ],
    "packages-dev": [],
    "aliases": [],
    "minimum-stability": "stable",
    "stability-flags": [],
    "prefer-stable": false,
    "prefer-lowest": false,
    "platform": [],
    "platform-dev": []
}
